// !$*UTF8*$!
{
	archiveVersion = 1;
	classes = {
	};
	objectVersion = 70;
	objects = {

/* Begin PBXBuildFile section */
		F37B8D632CFA506100181608 /* CartItem.swift in Sources */ = {isa = PBXBuildFile; fileRef = F37B8D622CFA506100181608 /* CartItem.swift */; };
		F38882432CFD894100992B95 /* CartViewModel.swift in Sources */ = {isa = PBXBuildFile; fileRef = F38882422CFD894100992B95 /* CartViewModel.swift */; };
		F39749932CC174E800FFB0DC /* Assets.xcassets in Resources */ = {isa = PBXBuildFile; fileRef = F39749922CC174E800FFB0DC /* Assets.xcassets */; };
		F39749962CC174E800FFB0DC /* Preview Assets.xcassets in Resources */ = {isa = PBXBuildFile; fileRef = F39749952CC174E800FFB0DC /* Preview Assets.xcassets */; };
		F39749AF2CC1797500FFB0DC /* Product.swift in Sources */ = {isa = PBXBuildFile; fileRef = F39749AE2CC1797500FFB0DC /* Product.swift */; };
		F3B4A8612CC4CF800001786C /* NetworkErrorType.swift in Sources */ = {isa = PBXBuildFile; fileRef = F3B4A8602CC4CF800001786C /* NetworkErrorType.swift */; };
		F3B4A8632CC4D0F70001786C /* CategoryType.swift in Sources */ = {isa = PBXBuildFile; fileRef = F3B4A8622CC4D0F70001786C /* CategoryType.swift */; };
		F3BA9D702CC42AF300CDC943 /* HomeViewModel.swift in Sources */ = {isa = PBXBuildFile; fileRef = F3BA9D6F2CC42AF300CDC943 /* HomeViewModel.swift */; };
		F3FB55012D20909F00071384 /* WishListViewModel.swift in Sources */ = {isa = PBXBuildFile; fileRef = F3FB55002D20909F00071384 /* WishListViewModel.swift */; };
/* End PBXBuildFile section */

/* Begin PBXFileReference section */
		F37B8D622CFA506100181608 /* CartItem.swift */ = {isa = PBXFileReference; lastKnownFileType = sourcecode.swift; path = CartItem.swift; sourceTree = "<group>"; };
		F38882422CFD894100992B95 /* CartViewModel.swift */ = {isa = PBXFileReference; lastKnownFileType = sourcecode.swift; path = CartViewModel.swift; sourceTree = "<group>"; };
		F397498B2CC174E700FFB0DC /* NewShoppingApp.app */ = {isa = PBXFileReference; explicitFileType = wrapper.application; includeInIndex = 0; path = NewShoppingApp.app; sourceTree = BUILT_PRODUCTS_DIR; };
		F39749922CC174E800FFB0DC /* Assets.xcassets */ = {isa = PBXFileReference; lastKnownFileType = folder.assetcatalog; path = Assets.xcassets; sourceTree = "<group>"; };
		F39749952CC174E800FFB0DC /* Preview Assets.xcassets */ = {isa = PBXFileReference; lastKnownFileType = folder.assetcatalog; path = "Preview Assets.xcassets"; sourceTree = "<group>"; };
		F39749AE2CC1797500FFB0DC /* Product.swift */ = {isa = PBXFileReference; lastKnownFileType = sourcecode.swift; path = Product.swift; sourceTree = "<group>"; };
		F3B4A8602CC4CF800001786C /* NetworkErrorType.swift */ = {isa = PBXFileReference; lastKnownFileType = sourcecode.swift; path = NetworkErrorType.swift; sourceTree = "<group>"; };
		F3B4A8622CC4D0F70001786C /* CategoryType.swift */ = {isa = PBXFileReference; lastKnownFileType = sourcecode.swift; path = CategoryType.swift; sourceTree = "<group>"; };
		F3BA9D6F2CC42AF300CDC943 /* HomeViewModel.swift */ = {isa = PBXFileReference; lastKnownFileType = sourcecode.swift; path = HomeViewModel.swift; sourceTree = "<group>"; };
		F3FB55002D20909F00071384 /* WishListViewModel.swift */ = {isa = PBXFileReference; lastKnownFileType = sourcecode.swift; path = WishListViewModel.swift; sourceTree = "<group>"; };
/* End PBXFileReference section */

/* Begin PBXFileSystemSynchronizedRootGroup section */
		F37B8D5F2CFA4DB100181608 /* Services */ = {isa = PBXFileSystemSynchronizedRootGroup; explicitFileTypes = {}; explicitFolders = (); path = Services; sourceTree = "<group>"; };
		F3B1EAB42CF7AB0C00514BCE /* WishList */ = {isa = PBXFileSystemSynchronizedRootGroup; explicitFileTypes = {}; explicitFolders = (); path = WishList; sourceTree = "<group>"; };
		F3B1EAC82CF7AC3B00514BCE /* Cart */ = {isa = PBXFileSystemSynchronizedRootGroup; explicitFileTypes = {}; explicitFolders = (); path = Cart; sourceTree = "<group>"; };
		F3B1EAD42CF7ACDF00514BCE /* Common */ = {isa = PBXFileSystemSynchronizedRootGroup; explicitFileTypes = {}; explicitFolders = (); path = Common; sourceTree = "<group>"; };
		F3D71D042CF6701B00D2D62C /* Home */ = {isa = PBXFileSystemSynchronizedRootGroup; explicitFileTypes = {}; explicitFolders = (); path = Home; sourceTree = "<group>"; };
/* End PBXFileSystemSynchronizedRootGroup section */

/* Begin PBXFrameworksBuildPhase section */
		F39749882CC174E700FFB0DC /* Frameworks */ = {
			isa = PBXFrameworksBuildPhase;
			buildActionMask = 2147483647;
			files = (
			);
			runOnlyForDeploymentPostprocessing = 0;
		};
/* End PBXFrameworksBuildPhase section */

/* Begin PBXGroup section */
		F39749822CC174E700FFB0DC = {
			isa = PBXGroup;
			children = (
				F397498D2CC174E700FFB0DC /* NewShoppingApp */,
				F397498C2CC174E700FFB0DC /* Products */,
			);
			sourceTree = "<group>";
		};
		F397498C2CC174E700FFB0DC /* Products */ = {
			isa = PBXGroup;
			children = (
				F397498B2CC174E700FFB0DC /* NewShoppingApp.app */,
			);
			name = Products;
			sourceTree = "<group>";
		};
		F397498D2CC174E700FFB0DC /* NewShoppingApp */ = {
			isa = PBXGroup;
			children = (
				F37B8D5F2CFA4DB100181608 /* Services */,
				F397499C2CC1750B00FFB0DC /* Model */,
				F397499D2CC1751700FFB0DC /* ViewModel */,
				F397499E2CC1752400FFB0DC /* View */,
				F39749942CC174E800FFB0DC /* Preview Content */,
			);
			path = NewShoppingApp;
			sourceTree = "<group>";
		};
		F39749942CC174E800FFB0DC /* Preview Content */ = {
			isa = PBXGroup;
			children = (
				F39749922CC174E800FFB0DC /* Assets.xcassets */,
				F39749952CC174E800FFB0DC /* Preview Assets.xcassets */,
			);
			path = "Preview Content";
			sourceTree = "<group>";
		};
		F397499C2CC1750B00FFB0DC /* Model */ = {
			isa = PBXGroup;
			children = (
				F39749AE2CC1797500FFB0DC /* Product.swift */,
				F3B4A8622CC4D0F70001786C /* CategoryType.swift */,
				F3B4A8602CC4CF800001786C /* NetworkErrorType.swift */,
				F37B8D622CFA506100181608 /* CartItem.swift */,
			);
			path = Model;
			sourceTree = "<group>";
		};
		F397499D2CC1751700FFB0DC /* ViewModel */ = {
			isa = PBXGroup;
			children = (
				F3BA9D6F2CC42AF300CDC943 /* HomeViewModel.swift */,
				F38882422CFD894100992B95 /* CartViewModel.swift */,
				F3FB55002D20909F00071384 /* WishListViewModel.swift */,
			);
			path = ViewModel;
			sourceTree = "<group>";
		};
		F397499E2CC1752400FFB0DC /* View */ = {
			isa = PBXGroup;
			children = (
				F3D71D042CF6701B00D2D62C /* Home */,
				F3B1EAC82CF7AC3B00514BCE /* Cart */,
				F3B1EAB42CF7AB0C00514BCE /* WishList */,
				F3B1EAD42CF7ACDF00514BCE /* Common */,
			);
			path = View;
			sourceTree = "<group>";
		};
/* End PBXGroup section */

/* Begin PBXNativeTarget section */
		F397498A2CC174E700FFB0DC /* NewShoppingApp */ = {
			isa = PBXNativeTarget;
			buildConfigurationList = F39749992CC174E800FFB0DC /* Build configuration list for PBXNativeTarget "NewShoppingApp" */;
			buildPhases = (
				F39749872CC174E700FFB0DC /* Sources */,
				F39749882CC174E700FFB0DC /* Frameworks */,
				F39749892CC174E700FFB0DC /* Resources */,
			);
			buildRules = (
			);
			dependencies = (
			);
			fileSystemSynchronizedGroups = (
				F37B8D5F2CFA4DB100181608 /* Services */,
				F3B1EAB42CF7AB0C00514BCE /* WishList */,
				F3B1EAC82CF7AC3B00514BCE /* Cart */,
				F3B1EAD42CF7ACDF00514BCE /* Common */,
				F3D71D042CF6701B00D2D62C /* Home */,
			);
			name = NewShoppingApp;
			productName = NewShoppingApp;
			productReference = F397498B2CC174E700FFB0DC /* NewShoppingApp.app */;
			productType = "com.apple.product-type.application";
		};
/* End PBXNativeTarget section */

/* Begin PBXProject section */
		F39749832CC174E700FFB0DC /* Project object */ = {
			isa = PBXProject;
			attributes = {
				BuildIndependentTargetsInParallel = 1;
				LastSwiftUpdateCheck = 1530;
				LastUpgradeCheck = 1530;
				TargetAttributes = {
					F397498A2CC174E700FFB0DC = {
						CreatedOnToolsVersion = 15.3;
					};
				};
			};
			buildConfigurationList = F39749862CC174E700FFB0DC /* Build configuration list for PBXProject "NewShoppingApp" */;
			compatibilityVersion = "Xcode 14.0";
			developmentRegion = en;
			hasScannedForEncodings = 0;
			knownRegions = (
				en,
				Base,
			);
			mainGroup = F39749822CC174E700FFB0DC;
			productRefGroup = F397498C2CC174E700FFB0DC /* Products */;
			projectDirPath = "";
			projectRoot = "";
			targets = (
				F397498A2CC174E700FFB0DC /* NewShoppingApp */,
			);
		};
/* End PBXProject section */

/* Begin PBXResourcesBuildPhase section */
		F39749892CC174E700FFB0DC /* Resources */ = {
			isa = PBXResourcesBuildPhase;
			buildActionMask = 2147483647;
			files = (
				F39749962CC174E800FFB0DC /* Preview Assets.xcassets in Resources */,
				F39749932CC174E800FFB0DC /* Assets.xcassets in Resources */,
			);
			runOnlyForDeploymentPostprocessing = 0;
		};
/* End PBXResourcesBuildPhase section */

/* Begin PBXSourcesBuildPhase section */
		F39749872CC174E700FFB0DC /* Sources */ = {
			isa = PBXSourcesBuildPhase;
			buildActionMask = 2147483647;
			files = (
				F39749AF2CC1797500FFB0DC /* Product.swift in Sources */,
				F38882432CFD894100992B95 /* CartViewModel.swift in Sources */,
				F3FB55012D20909F00071384 /* WishListViewModel.swift in Sources */,
				F37B8D632CFA506100181608 /* CartItem.swift in Sources */,
				F3B4A8632CC4D0F70001786C /* CategoryType.swift in Sources */,
				F3B4A8612CC4CF800001786C /* NetworkErrorType.swift in Sources */,
				F3BA9D702CC42AF300CDC943 /* HomeViewModel.swift in Sources */,
			);
			runOnlyForDeploymentPostprocessing = 0;
		};
/* End PBXSourcesBuildPhase section */

/* Begin XCBuildConfiguration section */
		F39749972CC174E800FFB0DC /* Debug */ = {
			isa = XCBuildConfiguration;
			buildSettings = {
				ALWAYS_SEARCH_USER_PATHS = NO;
				ASSETCATALOG_COMPILER_GENERATE_SWIFT_ASSET_SYMBOL_EXTENSIONS = YES;
				CLANG_ANALYZER_NONNULL = YES;
				CLANG_ANALYZER_NUMBER_OBJECT_CONVERSION = YES_AGGRESSIVE;
				CLANG_CXX_LANGUAGE_STANDARD = "gnu++20";
				CLANG_ENABLE_MODULES = YES;
				CLANG_ENABLE_OBJC_ARC = YES;
				CLANG_ENABLE_OBJC_WEAK = YES;
				CLANG_WARN_BLOCK_CAPTURE_AUTORELEASING = YES;
				CLANG_WARN_BOOL_CONVERSION = YES;
				CLANG_WARN_COMMA = YES;
				CLANG_WARN_CONSTANT_CONVERSION = YES;
				CLANG_WARN_DEPRECATED_OBJC_IMPLEMENTATIONS = YES;
				CLANG_WARN_DIRECT_OBJC_ISA_USAGE = YES_ERROR;
				CLANG_WARN_DOCUMENTATION_COMMENTS = YES;
				CLANG_WARN_EMPTY_BODY = YES;
				CLANG_WARN_ENUM_CONVERSION = YES;
				CLANG_WARN_INFINITE_RECURSION = YES;
				CLANG_WARN_INT_CONVERSION = YES;
				CLANG_WARN_NON_LITERAL_NULL_CONVERSION = YES;
				CLANG_WARN_OBJC_IMPLICIT_RETAIN_SELF = YES;
				CLANG_WARN_OBJC_LITERAL_CONVERSION = YES;
				CLANG_WARN_OBJC_ROOT_CLASS = YES_ERROR;
				CLANG_WARN_QUOTED_INCLUDE_IN_FRAMEWORK_HEADER = YES;
				CLANG_WARN_RANGE_LOOP_ANALYSIS = YES;
				CLANG_WARN_STRICT_PROTOTYPES = YES;
				CLANG_WARN_SUSPICIOUS_MOVE = YES;
				CLANG_WARN_UNGUARDED_AVAILABILITY = YES_AGGRESSIVE;
				CLANG_WARN_UNREACHABLE_CODE = YES;
				CLANG_WARN__DUPLICATE_METHOD_MATCH = YES;
				COPY_PHASE_STRIP = NO;
				DEBUG_INFORMATION_FORMAT = dwarf;
				ENABLE_STRICT_OBJC_MSGSEND = YES;
				ENABLE_TESTABILITY = YES;
				ENABLE_USER_SCRIPT_SANDBOXING = YES;
				GCC_C_LANGUAGE_STANDARD = gnu17;
				GCC_DYNAMIC_NO_PIC = NO;
				GCC_NO_COMMON_BLOCKS = YES;
				GCC_OPTIMIZATION_LEVEL = 0;
				GCC_PREPROCESSOR_DEFINITIONS = (
					"DEBUG=1",
					"$(inherited)",
				);
				GCC_WARN_64_TO_32_BIT_CONVERSION = YES;
				GCC_WARN_ABOUT_RETURN_TYPE = YES_ERROR;
				GCC_WARN_UNDECLARED_SELECTOR = YES;
				GCC_WARN_UNINITIALIZED_AUTOS = YES_AGGRESSIVE;
				GCC_WARN_UNUSED_FUNCTION = YES;
				GCC_WARN_UNUSED_VARIABLE = YES;
				IPHONEOS_DEPLOYMENT_TARGET = 17.4;
				LOCALIZATION_PREFERS_STRING_CATALOGS = YES;
				MTL_ENABLE_DEBUG_INFO = INCLUDE_SOURCE;
				MTL_FAST_MATH = YES;
				ONLY_ACTIVE_ARCH = YES;
				SDKROOT = iphoneos;
				SWIFT_ACTIVE_COMPILATION_CONDITIONS = "DEBUG $(inherited)";
				SWIFT_OPTIMIZATION_LEVEL = "-Onone";
			};
			name = Debug;
		};
		F39749982CC174E800FFB0DC /* Release */ = {
			isa = XCBuildConfiguration;
			buildSettings = {
				ALWAYS_SEARCH_USER_PATHS = NO;
				ASSETCATALOG_COMPILER_GENERATE_SWIFT_ASSET_SYMBOL_EXTENSIONS = YES;
				CLANG_ANALYZER_NONNULL = YES;
				CLANG_ANALYZER_NUMBER_OBJECT_CONVERSION = YES_AGGRESSIVE;
				CLANG_CXX_LANGUAGE_STANDARD = "gnu++20";
				CLANG_ENABLE_MODULES = YES;
				CLANG_ENABLE_OBJC_ARC = YES;
				CLANG_ENABLE_OBJC_WEAK = YES;
				CLANG_WARN_BLOCK_CAPTURE_AUTORELEASING = YES;
				CLANG_WARN_BOOL_CONVERSION = YES;
				CLANG_WARN_COMMA = YES;
				CLANG_WARN_CONSTANT_CONVERSION = YES;
				CLANG_WARN_DEPRECATED_OBJC_IMPLEMENTATIONS = YES;
				CLANG_WARN_DIRECT_OBJC_ISA_USAGE = YES_ERROR;
				CLANG_WARN_DOCUMENTATION_COMMENTS = YES;
				CLANG_WARN_EMPTY_BODY = YES;
				CLANG_WARN_ENUM_CONVERSION = YES;
				CLANG_WARN_INFINITE_RECURSION = YES;
				CLANG_WARN_INT_CONVERSION = YES;
				CLANG_WARN_NON_LITERAL_NULL_CONVERSION = YES;
				CLANG_WARN_OBJC_IMPLICIT_RETAIN_SELF = YES;
				CLANG_WARN_OBJC_LITERAL_CONVERSION = YES;
				CLANG_WARN_OBJC_ROOT_CLASS = YES_ERROR;
				CLANG_WARN_QUOTED_INCLUDE_IN_FRAMEWORK_HEADER = YES;
				CLANG_WARN_RANGE_LOOP_ANALYSIS = YES;
				CLANG_WARN_STRICT_PROTOTYPES = YES;
				CLANG_WARN_SUSPICIOUS_MOVE = YES;
				CLANG_WARN_UNGUARDED_AVAILABILITY = YES_AGGRESSIVE;
				CLANG_WARN_UNREACHABLE_CODE = YES;
				CLANG_WARN__DUPLICATE_METHOD_MATCH = YES;
				COPY_PHASE_STRIP = NO;
				DEBUG_INFORMATION_FORMAT = "dwarf-with-dsym";
				ENABLE_NS_ASSERTIONS = NO;
				ENABLE_STRICT_OBJC_MSGSEND = YES;
				ENABLE_USER_SCRIPT_SANDBOXING = YES;
				GCC_C_LANGUAGE_STANDARD = gnu17;
				GCC_NO_COMMON_BLOCKS = YES;
				GCC_WARN_64_TO_32_BIT_CONVERSION = YES;
				GCC_WARN_ABOUT_RETURN_TYPE = YES_ERROR;
				GCC_WARN_UNDECLARED_SELECTOR = YES;
				GCC_WARN_UNINITIALIZED_AUTOS = YES_AGGRESSIVE;
				GCC_WARN_UNUSED_FUNCTION = YES;
				GCC_WARN_UNUSED_VARIABLE = YES;
				IPHONEOS_DEPLOYMENT_TARGET = 17.4;
				LOCALIZATION_PREFERS_STRING_CATALOGS = YES;
				MTL_ENABLE_DEBUG_INFO = NO;
				MTL_FAST_MATH = YES;
				SDKROOT = iphoneos;
				SWIFT_COMPILATION_MODE = wholemodule;
				VALIDATE_PRODUCT = YES;
			};
			name = Release;
		};
		F397499A2CC174E800FFB0DC /* Debug */ = {
			isa = XCBuildConfiguration;
			buildSettings = {
				ASSETCATALOG_COMPILER_APPICON_NAME = AppIcon;
				ASSETCATALOG_COMPILER_GLOBAL_ACCENT_COLOR_NAME = AccentColor;
				CODE_SIGN_STYLE = Automatic;
				CURRENT_PROJECT_VERSION = 1;
				DEVELOPMENT_ASSET_PATHS = "\"NewShoppingApp/Preview Content\"";
				ENABLE_PREVIEWS = YES;
				GENERATE_INFOPLIST_FILE = YES;
				INFOPLIST_KEY_UIApplicationSceneManifest_Generation = YES;
				INFOPLIST_KEY_UIApplicationSupportsIndirectInputEvents = YES;
				INFOPLIST_KEY_UILaunchScreen_Generation = YES;
				INFOPLIST_KEY_UISupportedInterfaceOrientations_iPad = "UIInterfaceOrientationPortrait UIInterfaceOrientationPortraitUpsideDown UIInterfaceOrientationLandscapeLeft UIInterfaceOrientationLandscapeRight";
				INFOPLIST_KEY_UISupportedInterfaceOrientations_iPhone = "UIInterfaceOrientationPortrait UIInterfaceOrientationLandscapeLeft UIInterfaceOrientationLandscapeRight";
				LD_RUNPATH_SEARCH_PATHS = (
					"$(inherited)",
					"@executable_path/Frameworks",
				);
				MARKETING_VERSION = 1.0;
				PRODUCT_BUNDLE_IDENTIFIER = com.myorganisation.NewShoppingApp;
				PRODUCT_NAME = "$(TARGET_NAME)";
				SWIFT_EMIT_LOC_STRINGS = YES;
				SWIFT_VERSION = 5.0;
				TARGETED_DEVICE_FAMILY = "1,2";
			};
			name = Debug;
		};
		F397499B2CC174E800FFB0DC /* Release */ = {
			isa = XCBuildConfiguration;
			buildSettings = {
				ASSETCATALOG_COMPILER_APPICON_NAME = AppIcon;
				ASSETCATALOG_COMPILER_GLOBAL_ACCENT_COLOR_NAME = AccentColor;
				CODE_SIGN_STYLE = Automatic;
				CURRENT_PROJECT_VERSION = 1;
				DEVELOPMENT_ASSET_PATHS = "\"NewShoppingApp/Preview Content\"";
				ENABLE_PREVIEWS = YES;
				GENERATE_INFOPLIST_FILE = YES;
				INFOPLIST_KEY_UIApplicationSceneManifest_Generation = YES;
				INFOPLIST_KEY_UIApplicationSupportsIndirectInputEvents = YES;
				INFOPLIST_KEY_UILaunchScreen_Generation = YES;
				INFOPLIST_KEY_UISupportedInterfaceOrientations_iPad = "UIInterfaceOrientationPortrait UIInterfaceOrientationPortraitUpsideDown UIInterfaceOrientationLandscapeLeft UIInterfaceOrientationLandscapeRight";
				INFOPLIST_KEY_UISupportedInterfaceOrientations_iPhone = "UIInterfaceOrientationPortrait UIInterfaceOrientationLandscapeLeft UIInterfaceOrientationLandscapeRight";
				LD_RUNPATH_SEARCH_PATHS = (
					"$(inherited)",
					"@executable_path/Frameworks",
				);
				MARKETING_VERSION = 1.0;
				PRODUCT_BUNDLE_IDENTIFIER = com.myorganisation.NewShoppingApp;
				PRODUCT_NAME = "$(TARGET_NAME)";
				SWIFT_EMIT_LOC_STRINGS = YES;
				SWIFT_VERSION = 5.0;
				TARGETED_DEVICE_FAMILY = "1,2";
			};
			name = Release;
		};
/* End XCBuildConfiguration section */

/* Begin XCConfigurationList section */
		F39749862CC174E700FFB0DC /* Build configuration list for PBXProject "NewShoppingApp" */ = {
			isa = XCConfigurationList;
			buildConfigurations = (
				F39749972CC174E800FFB0DC /* Debug */,
				F39749982CC174E800FFB0DC /* Release */,
			);
			defaultConfigurationIsVisible = 0;
			defaultConfigurationName = Release;
		};
		F39749992CC174E800FFB0DC /* Build configuration list for PBXNativeTarget "NewShoppingApp" */ = {
			isa = XCConfigurationList;
			buildConfigurations = (
				F397499A2CC174E800FFB0DC /* Debug */,
				F397499B2CC174E800FFB0DC /* Release */,
			);
			defaultConfigurationIsVisible = 0;
			defaultConfigurationName = Release;
		};
/* End XCConfigurationList section */
	};
	rootObject = F39749832CC174E700FFB0DC /* Project object */;
}
